// !$*UTF8*$!
{
	archiveVersion = 1;
	classes = {
	};
	objectVersion = 55;
	objects = {

/* Begin PBXBuildFile section */
		EC15ECF22873821B00CFEE8D /* AppDelegate.swift in Sources */ = {isa = PBXBuildFile; fileRef = EC15ECF12873821B00CFEE8D /* AppDelegate.swift */; };
		EC15ECF42873821B00CFEE8D /* SceneDelegate.swift in Sources */ = {isa = PBXBuildFile; fileRef = EC15ECF32873821B00CFEE8D /* SceneDelegate.swift */; };
		EC15ECF62873821B00CFEE8D /* FeaturedViewController.swift in Sources */ = {isa = PBXBuildFile; fileRef = EC15ECF52873821B00CFEE8D /* FeaturedViewController.swift */; };
		EC15ECF92873821B00CFEE8D /* Main.storyboard in Resources */ = {isa = PBXBuildFile; fileRef = EC15ECF72873821B00CFEE8D /* Main.storyboard */; };
		EC15ECFB2873822300CFEE8D /* Assets.xcassets in Resources */ = {isa = PBXBuildFile; fileRef = EC15ECFA2873822300CFEE8D /* Assets.xcassets */; };
		EC15ECFE2873822300CFEE8D /* LaunchScreen.storyboard in Resources */ = {isa = PBXBuildFile; fileRef = EC15ECFC2873822300CFEE8D /* LaunchScreen.storyboard */; };
		EC15ED06287C45E000CFEE8D /* PopularCollectionViewCell.swift in Sources */ = {isa = PBXBuildFile; fileRef = EC15ED05287C45E000CFEE8D /* PopularCollectionViewCell.swift */; };
		EC15ED08287C468500CFEE8D /* NowPlayingCollectionViewCell.swift in Sources */ = {isa = PBXBuildFile; fileRef = EC15ED07287C468500CFEE8D /* NowPlayingCollectionViewCell.swift */; };
		EC15ED0E287D95F300CFEE8D /* Movie.swift in Sources */ = {isa = PBXBuildFile; fileRef = EC15ED0D287D95F300CFEE8D /* Movie.swift */; };
		EC15ED15287DA53600CFEE8D /* Movie+TrendingToday.swift in Sources */ = {isa = PBXBuildFile; fileRef = EC15ED10287DA53500CFEE8D /* Movie+TrendingToday.swift */; };
		EC15ED16287DA53600CFEE8D /* Movie+Popular.swift in Sources */ = {isa = PBXBuildFile; fileRef = EC15ED11287DA53600CFEE8D /* Movie+Popular.swift */; };
		EC15ED17287DA53600CFEE8D /* Movie+Upcoming.swift in Sources */ = {isa = PBXBuildFile; fileRef = EC15ED12287DA53600CFEE8D /* Movie+Upcoming.swift */; };
		EC15ED18287DA53600CFEE8D /* Movie+TrendingThisWeek.swift in Sources */ = {isa = PBXBuildFile; fileRef = EC15ED13287DA53600CFEE8D /* Movie+TrendingThisWeek.swift */; };
		EC15ED19287DA53600CFEE8D /* Movie+NowPlaying.swift in Sources */ = {isa = PBXBuildFile; fileRef = EC15ED14287DA53600CFEE8D /* Movie+NowPlaying.swift */; };
		EC15ED1B287DAAC700CFEE8D /* TrendingViewController.swift in Sources */ = {isa = PBXBuildFile; fileRef = EC15ED1A287DAAC700CFEE8D /* TrendingViewController.swift */; };
		EC15ED1D287DC16100CFEE8D /* FeaturedViewController+UICollectionViewDataSource.swift in Sources */ = {isa = PBXBuildFile; fileRef = EC15ED1C287DC16100CFEE8D /* FeaturedViewController+UICollectionViewDataSource.swift */; };
		EC15ED1F287DFE7700CFEE8D /* UpcomingCollectionViewCell.swift in Sources */ = {isa = PBXBuildFile; fileRef = EC15ED1E287DFE7700CFEE8D /* UpcomingCollectionViewCell.swift */; };
		EC15ED25287EF23700CFEE8D /* DetailsViewController.swift in Sources */ = {isa = PBXBuildFile; fileRef = EC15ED24287EF23700CFEE8D /* DetailsViewController.swift */; };
		EC15ED27287EF4A500CFEE8D /* FeaturedViewController+CollectionViewDelegate.swift in Sources */ = {isa = PBXBuildFile; fileRef = EC15ED26287EF4A500CFEE8D /* FeaturedViewController+CollectionViewDelegate.swift */; };
		EC15ED2D2881974B00CFEE8D /* TMDB-Info.plist in Resources */ = {isa = PBXBuildFile; fileRef = EC15ED2C2881974B00CFEE8D /* TMDB-Info.plist */; };
		EC15ED2F28819DE000CFEE8D /* Movie+API.swift in Sources */ = {isa = PBXBuildFile; fileRef = EC15ED2E28819DE000CFEE8D /* Movie+API.swift */; };
		EC15ED312881AE8A00CFEE8D /* MovieResponse.swift in Sources */ = {isa = PBXBuildFile; fileRef = EC15ED302881AE8A00CFEE8D /* MovieResponse.swift */; };
		EC15ED33288598D800CFEE8D /* TrendingViewControler+UITableViewDataSource.swift in Sources */ = {isa = PBXBuildFile; fileRef = EC15ED32288598D800CFEE8D /* TrendingViewControler+UITableViewDataSource.swift */; };
		EC15ED352885991100CFEE8D /* TrendingViewController+UITableViewDelegate.swift in Sources */ = {isa = PBXBuildFile; fileRef = EC15ED342885991100CFEE8D /* TrendingViewController+UITableViewDelegate.swift */; };
		EC15ED372885A14600CFEE8D /* TrendingTableViewCell.swift in Sources */ = {isa = PBXBuildFile; fileRef = EC15ED362885A14600CFEE8D /* TrendingTableViewCell.swift */; };
/* End PBXBuildFile section */

/* Begin PBXFileReference section */
		EC15ECEE2873821B00CFEE8D /* TriunfoChallenge.app */ = {isa = PBXFileReference; explicitFileType = wrapper.application; includeInIndex = 0; path = TriunfoChallenge.app; sourceTree = BUILT_PRODUCTS_DIR; };
		EC15ECF12873821B00CFEE8D /* AppDelegate.swift */ = {isa = PBXFileReference; lastKnownFileType = sourcecode.swift; path = AppDelegate.swift; sourceTree = "<group>"; };
		EC15ECF32873821B00CFEE8D /* SceneDelegate.swift */ = {isa = PBXFileReference; lastKnownFileType = sourcecode.swift; path = SceneDelegate.swift; sourceTree = "<group>"; };
		EC15ECF52873821B00CFEE8D /* FeaturedViewController.swift */ = {isa = PBXFileReference; lastKnownFileType = sourcecode.swift; path = FeaturedViewController.swift; sourceTree = "<group>"; };
		EC15ECF82873821B00CFEE8D /* Base */ = {isa = PBXFileReference; lastKnownFileType = file.storyboard; name = Base; path = Base.lproj/Main.storyboard; sourceTree = "<group>"; };
		EC15ECFA2873822300CFEE8D /* Assets.xcassets */ = {isa = PBXFileReference; lastKnownFileType = folder.assetcatalog; path = Assets.xcassets; sourceTree = "<group>"; };
		EC15ECFD2873822300CFEE8D /* Base */ = {isa = PBXFileReference; lastKnownFileType = file.storyboard; name = Base; path = Base.lproj/LaunchScreen.storyboard; sourceTree = "<group>"; };
		EC15ECFF2873822300CFEE8D /* Info.plist */ = {isa = PBXFileReference; lastKnownFileType = text.plist.xml; path = Info.plist; sourceTree = "<group>"; };
		EC15ED05287C45E000CFEE8D /* PopularCollectionViewCell.swift */ = {isa = PBXFileReference; lastKnownFileType = sourcecode.swift; path = PopularCollectionViewCell.swift; sourceTree = "<group>"; };
		EC15ED07287C468500CFEE8D /* NowPlayingCollectionViewCell.swift */ = {isa = PBXFileReference; lastKnownFileType = sourcecode.swift; path = NowPlayingCollectionViewCell.swift; sourceTree = "<group>"; };
		EC15ED0D287D95F300CFEE8D /* Movie.swift */ = {isa = PBXFileReference; lastKnownFileType = sourcecode.swift; path = Movie.swift; sourceTree = "<group>"; };
		EC15ED10287DA53500CFEE8D /* Movie+TrendingToday.swift */ = {isa = PBXFileReference; fileEncoding = 4; lastKnownFileType = sourcecode.swift; path = "Movie+TrendingToday.swift"; sourceTree = "<group>"; };
		EC15ED11287DA53600CFEE8D /* Movie+Popular.swift */ = {isa = PBXFileReference; fileEncoding = 4; lastKnownFileType = sourcecode.swift; path = "Movie+Popular.swift"; sourceTree = "<group>"; };
		EC15ED12287DA53600CFEE8D /* Movie+Upcoming.swift */ = {isa = PBXFileReference; fileEncoding = 4; lastKnownFileType = sourcecode.swift; path = "Movie+Upcoming.swift"; sourceTree = "<group>"; };
		EC15ED13287DA53600CFEE8D /* Movie+TrendingThisWeek.swift */ = {isa = PBXFileReference; fileEncoding = 4; lastKnownFileType = sourcecode.swift; path = "Movie+TrendingThisWeek.swift"; sourceTree = "<group>"; };
		EC15ED14287DA53600CFEE8D /* Movie+NowPlaying.swift */ = {isa = PBXFileReference; fileEncoding = 4; lastKnownFileType = sourcecode.swift; path = "Movie+NowPlaying.swift"; sourceTree = "<group>"; };
		EC15ED1A287DAAC700CFEE8D /* TrendingViewController.swift */ = {isa = PBXFileReference; lastKnownFileType = sourcecode.swift; path = TrendingViewController.swift; sourceTree = "<group>"; };
		EC15ED1C287DC16100CFEE8D /* FeaturedViewController+UICollectionViewDataSource.swift */ = {isa = PBXFileReference; lastKnownFileType = sourcecode.swift; path = "FeaturedViewController+UICollectionViewDataSource.swift"; sourceTree = "<group>"; };
		EC15ED1E287DFE7700CFEE8D /* UpcomingCollectionViewCell.swift */ = {isa = PBXFileReference; lastKnownFileType = sourcecode.swift; path = UpcomingCollectionViewCell.swift; sourceTree = "<group>"; };
		EC15ED24287EF23700CFEE8D /* DetailsViewController.swift */ = {isa = PBXFileReference; lastKnownFileType = sourcecode.swift; path = DetailsViewController.swift; sourceTree = "<group>"; };
		EC15ED26287EF4A500CFEE8D /* FeaturedViewController+CollectionViewDelegate.swift */ = {isa = PBXFileReference; lastKnownFileType = sourcecode.swift; path = "FeaturedViewController+CollectionViewDelegate.swift"; sourceTree = "<group>"; };
		EC15ED2C2881974B00CFEE8D /* TMDB-Info.plist */ = {isa = PBXFileReference; lastKnownFileType = text.plist.xml; path = "TMDB-Info.plist"; sourceTree = "<group>"; };
		EC15ED2E28819DE000CFEE8D /* Movie+API.swift */ = {isa = PBXFileReference; fileEncoding = 4; lastKnownFileType = sourcecode.swift; path = "Movie+API.swift"; sourceTree = "<group>"; };
		EC15ED302881AE8A00CFEE8D /* MovieResponse.swift */ = {isa = PBXFileReference; lastKnownFileType = sourcecode.swift; path = MovieResponse.swift; sourceTree = "<group>"; };
		EC15ED32288598D800CFEE8D /* TrendingViewControler+UITableViewDataSource.swift */ = {isa = PBXFileReference; lastKnownFileType = sourcecode.swift; path = "TrendingViewControler+UITableViewDataSource.swift"; sourceTree = "<group>"; };
		EC15ED342885991100CFEE8D /* TrendingViewController+UITableViewDelegate.swift */ = {isa = PBXFileReference; lastKnownFileType = sourcecode.swift; path = "TrendingViewController+UITableViewDelegate.swift"; sourceTree = "<group>"; };
		EC15ED362885A14600CFEE8D /* TrendingTableViewCell.swift */ = {isa = PBXFileReference; lastKnownFileType = sourcecode.swift; path = TrendingTableViewCell.swift; sourceTree = "<group>"; };
/* End PBXFileReference section */

/* Begin PBXFrameworksBuildPhase section */
		EC15ECEB2873821B00CFEE8D /* Frameworks */ = {
			isa = PBXFrameworksBuildPhase;
			buildActionMask = 2147483647;
			files = (
			);
			runOnlyForDeploymentPostprocessing = 0;
		};
/* End PBXFrameworksBuildPhase section */

/* Begin PBXGroup section */
		EC15ECE52873821B00CFEE8D = {
			isa = PBXGroup;
			children = (
				EC15ECF02873821B00CFEE8D /* TriunfoChallenge */,
				EC15ED0C287C48BB00CFEE8D /* SupportingFiles */,
				EC15ECEF2873821B00CFEE8D /* Products */,
			);
			sourceTree = "<group>";
		};
		EC15ECEF2873821B00CFEE8D /* Products */ = {
			isa = PBXGroup;
			children = (
				EC15ECEE2873821B00CFEE8D /* TriunfoChallenge.app */,
			);
			name = Products;
			sourceTree = "<group>";
		};
		EC15ECF02873821B00CFEE8D /* TriunfoChallenge */ = {
			isa = PBXGroup;
			children = (
				EC15ECF12873821B00CFEE8D /* AppDelegate.swift */,
				EC15ECF32873821B00CFEE8D /* SceneDelegate.swift */,
				EC15ED0F287D960500CFEE8D /* Model */,
				EC15ED09287C46FF00CFEE8D /* Controllers */,
				EC15ED0A287C471700CFEE8D /* View */,
			);
			path = TriunfoChallenge;
			sourceTree = "<group>";
		};
		EC15ED09287C46FF00CFEE8D /* Controllers */ = {
			isa = PBXGroup;
			children = (
				EC15ECF52873821B00CFEE8D /* FeaturedViewController.swift */,
				EC15ED1C287DC16100CFEE8D /* FeaturedViewController+UICollectionViewDataSource.swift */,
				EC15ED26287EF4A500CFEE8D /* FeaturedViewController+CollectionViewDelegate.swift */,
				EC15ED1A287DAAC700CFEE8D /* TrendingViewController.swift */,
				EC15ED32288598D800CFEE8D /* TrendingViewControler+UITableViewDataSource.swift */,
				EC15ED342885991100CFEE8D /* TrendingViewController+UITableViewDelegate.swift */,
				EC15ED24287EF23700CFEE8D /* DetailsViewController.swift */,
			);
			path = Controllers;
			sourceTree = "<group>";
		};
		EC15ED0A287C471700CFEE8D /* View */ = {
			isa = PBXGroup;
			children = (
				EC15ECF72873821B00CFEE8D /* Main.storyboard */,
				EC15ECFC2873822300CFEE8D /* LaunchScreen.storyboard */,
				EC15ED05287C45E000CFEE8D /* PopularCollectionViewCell.swift */,
				EC15ED07287C468500CFEE8D /* NowPlayingCollectionViewCell.swift */,
				EC15ED1E287DFE7700CFEE8D /* UpcomingCollectionViewCell.swift */,
				EC15ED362885A14600CFEE8D /* TrendingTableViewCell.swift */,
			);
			path = View;
			sourceTree = "<group>";
		};
		EC15ED0C287C48BB00CFEE8D /* SupportingFiles */ = {
			isa = PBXGroup;
			children = (
				EC15ECFF2873822300CFEE8D /* Info.plist */,
				EC15ECFA2873822300CFEE8D /* Assets.xcassets */,
				EC15ED2C2881974B00CFEE8D /* TMDB-Info.plist */,
			);
			name = SupportingFiles;
			path = TriunfoChallenge;
			sourceTree = "<group>";
		};
		EC15ED0F287D960500CFEE8D /* Model */ = {
			isa = PBXGroup;
			children = (
				EC15ED0D287D95F300CFEE8D /* Movie.swift */,
				EC15ED2E28819DE000CFEE8D /* Movie+API.swift */,
				EC15ED14287DA53600CFEE8D /* Movie+NowPlaying.swift */,
				EC15ED11287DA53600CFEE8D /* Movie+Popular.swift */,
				EC15ED13287DA53600CFEE8D /* Movie+TrendingThisWeek.swift */,
				EC15ED10287DA53500CFEE8D /* Movie+TrendingToday.swift */,
				EC15ED12287DA53600CFEE8D /* Movie+Upcoming.swift */,
				EC15ED302881AE8A00CFEE8D /* MovieResponse.swift */,
			);
			path = Model;
			sourceTree = "<group>";
		};
/* End PBXGroup section */

/* Begin PBXNativeTarget section */
		EC15ECED2873821B00CFEE8D /* TriunfoChallenge */ = {
			isa = PBXNativeTarget;
			buildConfigurationList = EC15ED022873822300CFEE8D /* Build configuration list for PBXNativeTarget "TriunfoChallenge" */;
			buildPhases = (
				EC15ECEA2873821B00CFEE8D /* Sources */,
				EC15ECEB2873821B00CFEE8D /* Frameworks */,
				EC15ECEC2873821B00CFEE8D /* Resources */,
			);
			buildRules = (
			);
			dependencies = (
			);
			name = TriunfoChallenge;
			productName = TriunfoChallenge;
			productReference = EC15ECEE2873821B00CFEE8D /* TriunfoChallenge.app */;
			productType = "com.apple.product-type.application";
		};
/* End PBXNativeTarget section */

/* Begin PBXProject section */
		EC15ECE62873821B00CFEE8D /* Project object */ = {
			isa = PBXProject;
			attributes = {
				BuildIndependentTargetsInParallel = 1;
				LastSwiftUpdateCheck = 1320;
				LastUpgradeCheck = 1320;
				TargetAttributes = {
					EC15ECED2873821B00CFEE8D = {
						CreatedOnToolsVersion = 13.2.1;
					};
				};
			};
			buildConfigurationList = EC15ECE92873821B00CFEE8D /* Build configuration list for PBXProject "TriunfoChallenge" */;
			compatibilityVersion = "Xcode 13.0";
			developmentRegion = en;
			hasScannedForEncodings = 0;
			knownRegions = (
				en,
				Base,
			);
			mainGroup = EC15ECE52873821B00CFEE8D;
			productRefGroup = EC15ECEF2873821B00CFEE8D /* Products */;
			projectDirPath = "";
			projectRoot = "";
			targets = (
				EC15ECED2873821B00CFEE8D /* TriunfoChallenge */,
			);
		};
/* End PBXProject section */

/* Begin PBXResourcesBuildPhase section */
		EC15ECEC2873821B00CFEE8D /* Resources */ = {
			isa = PBXResourcesBuildPhase;
			buildActionMask = 2147483647;
			files = (
				EC15ED2D2881974B00CFEE8D /* TMDB-Info.plist in Resources */,
				EC15ECFE2873822300CFEE8D /* LaunchScreen.storyboard in Resources */,
				EC15ECFB2873822300CFEE8D /* Assets.xcassets in Resources */,
				EC15ECF92873821B00CFEE8D /* Main.storyboard in Resources */,
			);
			runOnlyForDeploymentPostprocessing = 0;
		};
/* End PBXResourcesBuildPhase section */

/* Begin PBXSourcesBuildPhase section */
		EC15ECEA2873821B00CFEE8D /* Sources */ = {
			isa = PBXSourcesBuildPhase;
			buildActionMask = 2147483647;
			files = (
				EC15ED312881AE8A00CFEE8D /* MovieResponse.swift in Sources */,
				EC15ED352885991100CFEE8D /* TrendingViewController+UITableViewDelegate.swift in Sources */,
				EC15ED15287DA53600CFEE8D /* Movie+TrendingToday.swift in Sources */,
				EC15ED33288598D800CFEE8D /* TrendingViewControler+UITableViewDataSource.swift in Sources */,
				EC15ED08287C468500CFEE8D /* NowPlayingCollectionViewCell.swift in Sources */,
				EC15ED06287C45E000CFEE8D /* PopularCollectionViewCell.swift in Sources */,
				EC15ED0E287D95F300CFEE8D /* Movie.swift in Sources */,
				EC15ED1F287DFE7700CFEE8D /* UpcomingCollectionViewCell.swift in Sources */,
				EC15ED1D287DC16100CFEE8D /* FeaturedViewController+UICollectionViewDataSource.swift in Sources */,
				EC15ED16287DA53600CFEE8D /* Movie+Popular.swift in Sources */,
				EC15ED2F28819DE000CFEE8D /* Movie+API.swift in Sources */,
				EC15ED1B287DAAC700CFEE8D /* TrendingViewController.swift in Sources */,
				EC15ED27287EF4A500CFEE8D /* FeaturedViewController+CollectionViewDelegate.swift in Sources */,
				EC15ED18287DA53600CFEE8D /* Movie+TrendingThisWeek.swift in Sources */,
				EC15ED25287EF23700CFEE8D /* DetailsViewController.swift in Sources */,
				EC15ED19287DA53600CFEE8D /* Movie+NowPlaying.swift in Sources */,
				EC15ED372885A14600CFEE8D /* TrendingTableViewCell.swift in Sources */,
				EC15ECF62873821B00CFEE8D /* FeaturedViewController.swift in Sources */,
				EC15ECF22873821B00CFEE8D /* AppDelegate.swift in Sources */,
				EC15ED17287DA53600CFEE8D /* Movie+Upcoming.swift in Sources */,
				EC15ECF42873821B00CFEE8D /* SceneDelegate.swift in Sources */,
			);
			runOnlyForDeploymentPostprocessing = 0;
		};
/* End PBXSourcesBuildPhase section */

/* Begin PBXVariantGroup section */
		EC15ECF72873821B00CFEE8D /* Main.storyboard */ = {
			isa = PBXVariantGroup;
			children = (
				EC15ECF82873821B00CFEE8D /* Base */,
			);
			name = Main.storyboard;
			sourceTree = "<group>";
		};
		EC15ECFC2873822300CFEE8D /* LaunchScreen.storyboard */ = {
			isa = PBXVariantGroup;
			children = (
				EC15ECFD2873822300CFEE8D /* Base */,
			);
			name = LaunchScreen.storyboard;
			sourceTree = "<group>";
		};
/* End PBXVariantGroup section */

/* Begin XCBuildConfiguration section */
		EC15ED002873822300CFEE8D /* Debug */ = {
			isa = XCBuildConfiguration;
			buildSettings = {
				ALWAYS_SEARCH_USER_PATHS = NO;
				CLANG_ANALYZER_NONNULL = YES;
				CLANG_ANALYZER_NUMBER_OBJECT_CONVERSION = YES_AGGRESSIVE;
				CLANG_CXX_LANGUAGE_STANDARD = "gnu++17";
				CLANG_CXX_LIBRARY = "libc++";
				CLANG_ENABLE_MODULES = YES;
				CLANG_ENABLE_OBJC_ARC = YES;
				CLANG_ENABLE_OBJC_WEAK = YES;
				CLANG_WARN_BLOCK_CAPTURE_AUTORELEASING = YES;
				CLANG_WARN_BOOL_CONVERSION = YES;
				CLANG_WARN_COMMA = YES;
				CLANG_WARN_CONSTANT_CONVERSION = YES;
				CLANG_WARN_DEPRECATED_OBJC_IMPLEMENTATIONS = YES;
				CLANG_WARN_DIRECT_OBJC_ISA_USAGE = YES_ERROR;
				CLANG_WARN_DOCUMENTATION_COMMENTS = YES;
				CLANG_WARN_EMPTY_BODY = YES;
				CLANG_WARN_ENUM_CONVERSION = YES;
				CLANG_WARN_INFINITE_RECURSION = YES;
				CLANG_WARN_INT_CONVERSION = YES;
				CLANG_WARN_NON_LITERAL_NULL_CONVERSION = YES;
				CLANG_WARN_OBJC_IMPLICIT_RETAIN_SELF = YES;
				CLANG_WARN_OBJC_LITERAL_CONVERSION = YES;
				CLANG_WARN_OBJC_ROOT_CLASS = YES_ERROR;
				CLANG_WARN_QUOTED_INCLUDE_IN_FRAMEWORK_HEADER = YES;
				CLANG_WARN_RANGE_LOOP_ANALYSIS = YES;
				CLANG_WARN_STRICT_PROTOTYPES = YES;
				CLANG_WARN_SUSPICIOUS_MOVE = YES;
				CLANG_WARN_UNGUARDED_AVAILABILITY = YES_AGGRESSIVE;
				CLANG_WARN_UNREACHABLE_CODE = YES;
				CLANG_WARN__DUPLICATE_METHOD_MATCH = YES;
				COPY_PHASE_STRIP = NO;
				DEBUG_INFORMATION_FORMAT = dwarf;
				ENABLE_STRICT_OBJC_MSGSEND = YES;
				ENABLE_TESTABILITY = YES;
				GCC_C_LANGUAGE_STANDARD = gnu11;
				GCC_DYNAMIC_NO_PIC = NO;
				GCC_NO_COMMON_BLOCKS = YES;
				GCC_OPTIMIZATION_LEVEL = 0;
				GCC_PREPROCESSOR_DEFINITIONS = (
					"DEBUG=1",
					"$(inherited)",
				);
				GCC_WARN_64_TO_32_BIT_CONVERSION = YES;
				GCC_WARN_ABOUT_RETURN_TYPE = YES_ERROR;
				GCC_WARN_UNDECLARED_SELECTOR = YES;
				GCC_WARN_UNINITIALIZED_AUTOS = YES_AGGRESSIVE;
				GCC_WARN_UNUSED_FUNCTION = YES;
				GCC_WARN_UNUSED_VARIABLE = YES;
				IPHONEOS_DEPLOYMENT_TARGET = 15.2;
				MTL_ENABLE_DEBUG_INFO = INCLUDE_SOURCE;
				MTL_FAST_MATH = YES;
				ONLY_ACTIVE_ARCH = YES;
				SDKROOT = iphoneos;
				SWIFT_ACTIVE_COMPILATION_CONDITIONS = DEBUG;
				SWIFT_OPTIMIZATION_LEVEL = "-Onone";
			};
			name = Debug;
		};
		EC15ED012873822300CFEE8D /* Release */ = {
			isa = XCBuildConfiguration;
			buildSettings = {
				ALWAYS_SEARCH_USER_PATHS = NO;
				CLANG_ANALYZER_NONNULL = YES;
				CLANG_ANALYZER_NUMBER_OBJECT_CONVERSION = YES_AGGRESSIVE;
				CLANG_CXX_LANGUAGE_STANDARD = "gnu++17";
				CLANG_CXX_LIBRARY = "libc++";
				CLANG_ENABLE_MODULES = YES;
				CLANG_ENABLE_OBJC_ARC = YES;
				CLANG_ENABLE_OBJC_WEAK = YES;
				CLANG_WARN_BLOCK_CAPTURE_AUTORELEASING = YES;
				CLANG_WARN_BOOL_CONVERSION = YES;
				CLANG_WARN_COMMA = YES;
				CLANG_WARN_CONSTANT_CONVERSION = YES;
				CLANG_WARN_DEPRECATED_OBJC_IMPLEMENTATIONS = YES;
				CLANG_WARN_DIRECT_OBJC_ISA_USAGE = YES_ERROR;
				CLANG_WARN_DOCUMENTATION_COMMENTS = YES;
				CLANG_WARN_EMPTY_BODY = YES;
				CLANG_WARN_ENUM_CONVERSION = YES;
				CLANG_WARN_INFINITE_RECURSION = YES;
				CLANG_WARN_INT_CONVERSION = YES;
				CLANG_WARN_NON_LITERAL_NULL_CONVERSION = YES;
				CLANG_WARN_OBJC_IMPLICIT_RETAIN_SELF = YES;
				CLANG_WARN_OBJC_LITERAL_CONVERSION = YES;
				CLANG_WARN_OBJC_ROOT_CLASS = YES_ERROR;
				CLANG_WARN_QUOTED_INCLUDE_IN_FRAMEWORK_HEADER = YES;
				CLANG_WARN_RANGE_LOOP_ANALYSIS = YES;
				CLANG_WARN_STRICT_PROTOTYPES = YES;
				CLANG_WARN_SUSPICIOUS_MOVE = YES;
				CLANG_WARN_UNGUARDED_AVAILABILITY = YES_AGGRESSIVE;
				CLANG_WARN_UNREACHABLE_CODE = YES;
				CLANG_WARN__DUPLICATE_METHOD_MATCH = YES;
				COPY_PHASE_STRIP = NO;
				DEBUG_INFORMATION_FORMAT = "dwarf-with-dsym";
				ENABLE_NS_ASSERTIONS = NO;
				ENABLE_STRICT_OBJC_MSGSEND = YES;
				GCC_C_LANGUAGE_STANDARD = gnu11;
				GCC_NO_COMMON_BLOCKS = YES;
				GCC_WARN_64_TO_32_BIT_CONVERSION = YES;
				GCC_WARN_ABOUT_RETURN_TYPE = YES_ERROR;
				GCC_WARN_UNDECLARED_SELECTOR = YES;
				GCC_WARN_UNINITIALIZED_AUTOS = YES_AGGRESSIVE;
				GCC_WARN_UNUSED_FUNCTION = YES;
				GCC_WARN_UNUSED_VARIABLE = YES;
				IPHONEOS_DEPLOYMENT_TARGET = 15.2;
				MTL_ENABLE_DEBUG_INFO = NO;
				MTL_FAST_MATH = YES;
				SDKROOT = iphoneos;
				SWIFT_COMPILATION_MODE = wholemodule;
				SWIFT_OPTIMIZATION_LEVEL = "-O";
				VALIDATE_PRODUCT = YES;
			};
			name = Release;
		};
		EC15ED032873822300CFEE8D /* Debug */ = {
			isa = XCBuildConfiguration;
			buildSettings = {
				ASSETCATALOG_COMPILER_APPICON_NAME = AppIcon;
				ASSETCATALOG_COMPILER_GLOBAL_ACCENT_COLOR_NAME = AccentColor;
				CODE_SIGN_STYLE = Automatic;
				CURRENT_PROJECT_VERSION = 1;
				DEVELOPMENT_TEAM = 3MK6QXS2R9;
				GENERATE_INFOPLIST_FILE = YES;
				INFOPLIST_FILE = TriunfoChallenge/Info.plist;
				INFOPLIST_KEY_UIApplicationSupportsIndirectInputEvents = YES;
				INFOPLIST_KEY_UILaunchStoryboardName = LaunchScreen;
				INFOPLIST_KEY_UIMainStoryboardFile = Main;
				INFOPLIST_KEY_UISupportedInterfaceOrientations_iPad = "UIInterfaceOrientationPortrait UIInterfaceOrientationPortraitUpsideDown UIInterfaceOrientationLandscapeLeft UIInterfaceOrientationLandscapeRight";
				INFOPLIST_KEY_UISupportedInterfaceOrientations_iPhone = "UIInterfaceOrientationPortrait UIInterfaceOrientationLandscapeLeft UIInterfaceOrientationLandscapeRight";
				LD_RUNPATH_SEARCH_PATHS = (
					"$(inherited)",
					"@executable_path/Frameworks",
				);
				MARKETING_VERSION = 1.0;
				PRODUCT_BUNDLE_IDENTIFIER = natalia.albuquerque.TriunfoChallenge;
				PRODUCT_NAME = "$(TARGET_NAME)";
				SWIFT_EMIT_LOC_STRINGS = YES;
				SWIFT_VERSION = 5.0;
				TARGETED_DEVICE_FAMILY = "1,2";
			};
			name = Debug;
		};
		EC15ED042873822300CFEE8D /* Release */ = {
			isa = XCBuildConfiguration;
			buildSettings = {
				ASSETCATALOG_COMPILER_APPICON_NAME = AppIcon;
				ASSETCATALOG_COMPILER_GLOBAL_ACCENT_COLOR_NAME = AccentColor;
				CODE_SIGN_STYLE = Automatic;
				CURRENT_PROJECT_VERSION = 1;
				DEVELOPMENT_TEAM = 3MK6QXS2R9;
				GENERATE_INFOPLIST_FILE = YES;
				INFOPLIST_FILE = TriunfoChallenge/Info.plist;
				INFOPLIST_KEY_UIApplicationSupportsIndirectInputEvents = YES;
				INFOPLIST_KEY_UILaunchStoryboardName = LaunchScreen;
				INFOPLIST_KEY_UIMainStoryboardFile = Main;
				INFOPLIST_KEY_UISupportedInterfaceOrientations_iPad = "UIInterfaceOrientationPortrait UIInterfaceOrientationPortraitUpsideDown UIInterfaceOrientationLandscapeLeft UIInterfaceOrientationLandscapeRight";
				INFOPLIST_KEY_UISupportedInterfaceOrientations_iPhone = "UIInterfaceOrientationPortrait UIInterfaceOrientationLandscapeLeft UIInterfaceOrientationLandscapeRight";
				LD_RUNPATH_SEARCH_PATHS = (
					"$(inherited)",
					"@executable_path/Frameworks",
				);
				MARKETING_VERSION = 1.0;
				PRODUCT_BUNDLE_IDENTIFIER = natalia.albuquerque.TriunfoChallenge;
				PRODUCT_NAME = "$(TARGET_NAME)";
				SWIFT_EMIT_LOC_STRINGS = YES;
				SWIFT_VERSION = 5.0;
				TARGETED_DEVICE_FAMILY = "1,2";
			};
			name = Release;
		};
/* End XCBuildConfiguration section */

/* Begin XCConfigurationList section */
		EC15ECE92873821B00CFEE8D /* Build configuration list for PBXProject "TriunfoChallenge" */ = {
			isa = XCConfigurationList;
			buildConfigurations = (
				EC15ED002873822300CFEE8D /* Debug */,
				EC15ED012873822300CFEE8D /* Release */,
			);
			defaultConfigurationIsVisible = 0;
			defaultConfigurationName = Release;
		};
		EC15ED022873822300CFEE8D /* Build configuration list for PBXNativeTarget "TriunfoChallenge" */ = {
			isa = XCConfigurationList;
			buildConfigurations = (
				EC15ED032873822300CFEE8D /* Debug */,
				EC15ED042873822300CFEE8D /* Release */,
			);
			defaultConfigurationIsVisible = 0;
			defaultConfigurationName = Release;
		};
/* End XCConfigurationList section */
	};
	rootObject = EC15ECE62873821B00CFEE8D /* Project object */;
}
